
Microsoft Visual Studio Solution File, Format Version 12.00
# Visual Studio 2013
VisualStudioVersion = 12.0.30723.0
MinimumVisualStudioVersion = 10.0.40219.1
Project("{FAE04EC0-301F-11D3-BF4B-00C04F79EFBC}") = "testIN", "testIN\testIN.csproj", "{7A312030-8B38-4754-A319-10E9ED6CEE5A}"
EndProject
Project("{FAE04EC0-301F-11D3-BF4B-00C04F79EFBC}") = "Funct", "Funct\Funct.csproj", "{20162727-2448-4774-AB5E-BD986A1EBEF7}"
EndProject
Global
	GlobalSection(SolutionConfigurationPlatforms) = preSolution
		Debug|Any CPU = Debug|Any CPU
		Release|Any CPU = Release|Any CPU
	EndGlobalSection
	GlobalSection(ProjectConfigurationPlatforms) = postSolution
		{7A312030-8B38-4754-A319-10E9ED6CEE5A}.Debug|Any CPU.ActiveCfg = Debug|Any CPU
		{7A312030-8B38-4754-A319-10E9ED6CEE5A}.Debug|Any CPU.Build.0 = Debug|Any CPU
		{7A312030-8B38-4754-A319-10E9ED6CEE5A}.Release|Any CPU.ActiveCfg = Release|Any CPU
		{7A312030-8B38-4754-A319-10E9ED6CEE5A}.Release|Any CPU.Build.0 = Release|Any CPU
		{20162727-2448-4774-AB5E-BD986A1EBEF7}.Debug|Any CPU.ActiveCfg = Debug|Any CPU
		{20162727-2448-4774-AB5E-BD986A1EBEF7}.Debug|Any CPU.Build.0 = Debug|Any CPU
		{20162727-2448-4774-AB5E-BD986A1EBEF7}.Release|Any CPU.ActiveCfg = Release|Any CPU
		{20162727-2448-4774-AB5E-BD986A1EBEF7}.Release|Any CPU.Build.0 = Release|Any CPU
	EndGlobalSection
	GlobalSection(SolutionProperties) = preSolution
		HideSolutionNode = FALSE
	EndGlobalSection
EndGlobal
